PODS:
  - ACEDrawingView/DraggableText (3.0.0):
    - ACEDrawingView/DrawingView
  - ACEDrawingView/DrawingView (3.0.0)

DEPENDENCIES:
  - ACEDrawingView/DraggableText (from `./`)

EXTERNAL SOURCES:
  ACEDrawingView:
    :path: ./

SPEC CHECKSUMS:
  ACEDrawingView: e6d7ccc8b354c095632c4671c84dfd40bfa8b32c

PODFILE CHECKSUM: f615cd270f82822bf044af87ef12470b8275a752

COCOAPODS: 1.4.0
